{
  "object": {
    "pins": [
      {
        "package": "DataDrivenRxDatasources",
        "repositoryURL": "https://github.com/bigMOTOR/DataDrivenRxDatasources",
        "state": {
          "branch": "master",
          "revision": "c4bf5bf7971c3a3fd586d3e895ec185a314e6a5d",
          "version": null
        }
      },
      {
        "package": "RxDataSources",
        "repositoryURL": "https://github.com/RxSwiftCommunity/RxDataSources.git",
        "state": {
          "branch": null,
          "revision": "a18cee01c9ee55f04d0c7eb15c77a96c3648c88e",
          "version": "4.0.1"
        }
      },
      {
        "package": "RxSwift",
        "repositoryURL": "https://github.com/ReactiveX/RxSwift.git",
        "state": {
          "branch": null,
          "revision": "002d325b0bdee94e7882e1114af5ff4fe1e96afa",
          "version": "5.1.1"
        }
      }
    ]
  },
  "version": 1
}
